
Microsoft Visual Studio Solution File, Format Version 12.00
# Visual Studio Version 17
VisualStudioVersion = 17.5.33414.496
MinimumVisualStudioVersion = 10.0.40219.1
Project("{9A19103F-16F7-4668-BE54-9A1E7A4F7556}") = "FinanceTracker.Host", "src\FinanceTracker\FinanceTracker.Host.csproj", "{7FDAA63D-F447-4004-8B32-243BDF04E8D1}"
	ProjectSection(ProjectDependencies) = postProject
		{51646CD1-3740-4F2A-92D5-91ADE5333170} = {51646CD1-3740-4F2A-92D5-91ADE5333170}
		{B8234C20-B766-4156-B0D1-E1E8728D2F1B} = {B8234C20-B766-4156-B0D1-E1E8728D2F1B}
	EndProjectSection
EndProject
Project("{9A19103F-16F7-4668-BE54-9A1E7A4F7556}") = "FinanceTracker.DAL.EfCore", "src\FinanceTracker.DAL.EfCore\FinanceTracker.DAL.EfCore.csproj", "{B8234C20-B766-4156-B0D1-E1E8728D2F1B}"
EndProject
Project("{9A19103F-16F7-4668-BE54-9A1E7A4F7556}") = "FinanceTracker.WebApi", "src\FinanceTracker.WebApi\FinanceTracker.WebApi.csproj", "{51646CD1-3740-4F2A-92D5-91ADE5333170}"
EndProject
Project("{9A19103F-16F7-4668-BE54-9A1E7A4F7556}") = "FinanceTracker.TransactionConsumer", "src\FinanceTracker.TransactionConsumer\FinanceTracker.TransactionConsumer.csproj", "{0CF4CBE3-5E76-434A-BEA5-82175F979BE0}"
EndProject
Project("{9A19103F-16F7-4668-BE54-9A1E7A4F7556}") = "FinanceTracker.App", "src\FinanceTracker.App\FinanceTracker.App.csproj", "{B3B2465B-75BC-4514-A0F6-FF1385271388}"
EndProject
Project("{FAE04EC0-301F-11D3-BF4B-00C04F79EFBC}") = "FinanceTracker.IdentityServer", "src\FinanceTracker.IdentityServer\FinanceTracker.IdentityServer.csproj", "{20AE959D-5C32-4A22-9812-ECC4D81D0940}"
EndProject
Global
	GlobalSection(SolutionConfigurationPlatforms) = preSolution
		Debug|Any CPU = Debug|Any CPU
		Release|Any CPU = Release|Any CPU
	EndGlobalSection
	GlobalSection(ProjectConfigurationPlatforms) = postSolution
		{7FDAA63D-F447-4004-8B32-243BDF04E8D1}.Debug|Any CPU.ActiveCfg = Debug|Any CPU
		{7FDAA63D-F447-4004-8B32-243BDF04E8D1}.Debug|Any CPU.Build.0 = Debug|Any CPU
		{7FDAA63D-F447-4004-8B32-243BDF04E8D1}.Release|Any CPU.ActiveCfg = Release|Any CPU
		{7FDAA63D-F447-4004-8B32-243BDF04E8D1}.Release|Any CPU.Build.0 = Release|Any CPU
		{B8234C20-B766-4156-B0D1-E1E8728D2F1B}.Debug|Any CPU.ActiveCfg = Debug|Any CPU
		{B8234C20-B766-4156-B0D1-E1E8728D2F1B}.Debug|Any CPU.Build.0 = Debug|Any CPU
		{B8234C20-B766-4156-B0D1-E1E8728D2F1B}.Release|Any CPU.ActiveCfg = Release|Any CPU
		{B8234C20-B766-4156-B0D1-E1E8728D2F1B}.Release|Any CPU.Build.0 = Release|Any CPU
		{51646CD1-3740-4F2A-92D5-91ADE5333170}.Debug|Any CPU.ActiveCfg = Debug|Any CPU
		{51646CD1-3740-4F2A-92D5-91ADE5333170}.Debug|Any CPU.Build.0 = Debug|Any CPU
		{51646CD1-3740-4F2A-92D5-91ADE5333170}.Release|Any CPU.ActiveCfg = Release|Any CPU
		{51646CD1-3740-4F2A-92D5-91ADE5333170}.Release|Any CPU.Build.0 = Release|Any CPU
		{0CF4CBE3-5E76-434A-BEA5-82175F979BE0}.Debug|Any CPU.ActiveCfg = Debug|Any CPU
		{0CF4CBE3-5E76-434A-BEA5-82175F979BE0}.Debug|Any CPU.Build.0 = Debug|Any CPU
		{0CF4CBE3-5E76-434A-BEA5-82175F979BE0}.Release|Any CPU.ActiveCfg = Release|Any CPU
		{0CF4CBE3-5E76-434A-BEA5-82175F979BE0}.Release|Any CPU.Build.0 = Release|Any CPU
		{B3B2465B-75BC-4514-A0F6-FF1385271388}.Debug|Any CPU.ActiveCfg = Debug|Any CPU
		{B3B2465B-75BC-4514-A0F6-FF1385271388}.Debug|Any CPU.Build.0 = Debug|Any CPU
		{B3B2465B-75BC-4514-A0F6-FF1385271388}.Release|Any CPU.ActiveCfg = Release|Any CPU
		{B3B2465B-75BC-4514-A0F6-FF1385271388}.Release|Any CPU.Build.0 = Release|Any CPU
		{20AE959D-5C32-4A22-9812-ECC4D81D0940}.Debug|Any CPU.ActiveCfg = Debug|Any CPU
		{20AE959D-5C32-4A22-9812-ECC4D81D0940}.Debug|Any CPU.Build.0 = Debug|Any CPU
		{20AE959D-5C32-4A22-9812-ECC4D81D0940}.Release|Any CPU.ActiveCfg = Release|Any CPU
		{20AE959D-5C32-4A22-9812-ECC4D81D0940}.Release|Any CPU.Build.0 = Release|Any CPU
	EndGlobalSection
	GlobalSection(SolutionProperties) = preSolution
		HideSolutionNode = FALSE
	EndGlobalSection
	GlobalSection(ExtensibilityGlobals) = postSolution
		SolutionGuid = {95EECAAD-2719-4AA8-92FF-5D3FB88B566E}
	EndGlobalSection
EndGlobal
